
Microsoft Visual Studio Solution File, Format Version 12.00
# Visual Studio Version 16
VisualStudioVersion = 16.0.29509.3
MinimumVisualStudioVersion = 10.0.40219.1
Project("{8BC9CEB8-8B4A-11D0-8D11-00A0C91BC942}") = "Bloque_1", "Udemy_Curso_C.vcxproj", "{A4EDFA43-D3DF-4675-BFF3-26CA25ABDDC1}"
EndProject
Project("{8BC9CEB8-8B4A-11D0-8D11-00A0C91BC942}") = "Bloque_2", "Bloque_2\Bloque_2.vcxproj", "{88C13B06-19AF-489F-91C8-0A0FE80B4F23}"
EndProject
Project("{8BC9CEB8-8B4A-11D0-8D11-00A0C91BC942}") = "libreria_math", "libreria_math\libreria_math.vcxproj", "{CCEDC40A-F5D0-4898-98CF-91B12975445F}"
EndProject
Project("{8BC9CEB8-8B4A-11D0-8D11-00A0C91BC942}") = "ecuacion_segundo_grado", "ecuacion_segundo_grado\ecuacion_segundo_grado.vcxproj", "{1DB33F1C-2255-4781-8E23-355B6ED944CC}"
EndProject
Project("{8BC9CEB8-8B4A-11D0-8D11-00A0C91BC942}") = "ordenacion_1", "ordenacion_1\ordenacion_1.vcxproj", "{C172FA02-F0DB-49A0-81BE-4A6385CA8409}"
EndProject
Project("{8BC9CEB8-8B4A-11D0-8D11-00A0C91BC942}") = "par_impar", "par_impar\par_impar.vcxproj", "{D5F2ADC6-3C1A-4EF9-8790-6410310C1605}"
EndProject
Project("{8BC9CEB8-8B4A-11D0-8D11-00A0C91BC942}") = "signo", "signo\signo.vcxproj", "{196CC5D7-905B-40E8-8FAF-D71E63E86F4E}"
EndProject
Project("{8BC9CEB8-8B4A-11D0-8D11-00A0C91BC942}") = "vocal_minuscula", "vocal_minuscula\vocal_minuscula.vcxproj", "{589C48AB-7E1C-4E23-BCAF-4211E4F58654}"
EndProject
Project("{8BC9CEB8-8B4A-11D0-8D11-00A0C91BC942}") = "cuatro_numeros", "cuatro_numeros\cuatro_numeros.vcxproj", "{9BC83268-121A-4191-841F-AB861FB8D77D}"
EndProject
Project("{8BC9CEB8-8B4A-11D0-8D11-00A0C91BC942}") = "bucle", "bucle\bucle.vcxproj", "{95B830C5-E6BF-4F23-824B-E658A4CFC306}"
EndProject
Project("{8BC9CEB8-8B4A-11D0-8D11-00A0C91BC942}") = "Numeros_Romanos", "Numeros_Romanos\Numeros_Romanos.vcxproj", "{0ED2F036-4BFF-496D-8990-D19BEC485B47}"
EndProject
Project("{8BC9CEB8-8B4A-11D0-8D11-00A0C91BC942}") = "Descomponer", "Descomponer\Descomponer.vcxproj", "{AA52E1DD-ED72-4C61-858F-E1B4FEBFFA08}"
EndProject
Project("{8BC9CEB8-8B4A-11D0-8D11-00A0C91BC942}") = "meses", "meses\meses.vcxproj", "{AC16379B-EB86-4E29-B0F3-3A3F316FAE4E}"
EndProject
Project("{8BC9CEB8-8B4A-11D0-8D11-00A0C91BC942}") = "cajero", "cajero\cajero.vcxproj", "{8930091E-584A-420C-A949-7F51C9AF1B93}"
EndProject
Project("{8BC9CEB8-8B4A-11D0-8D11-00A0C91BC942}") = "positivo_negativo", "positivo_negativo\positivo_negativo.vcxproj", "{23BC6381-719F-4FAE-8FB2-4B044F8FB885}"
EndProject
Project("{8BC9CEB8-8B4A-11D0-8D11-00A0C91BC942}") = "tiro_parabolico", "tiro_parabolico\tiro_parabolico.vcxproj", "{3BB6C858-9A0F-4F65-A3FC-6C2D1DCD087A}"
EndProject
Project("{8BC9CEB8-8B4A-11D0-8D11-00A0C91BC942}") = "tabla", "suma_gauss\suma_gauss.vcxproj", "{3433E3D9-A082-42CB-AC27-20DC3E1200DF}"
EndProject
Project("{8BC9CEB8-8B4A-11D0-8D11-00A0C91BC942}") = "lista_numeros", "lista_numeros\lista_numeros.vcxproj", "{74E89D84-6766-45F8-B5BC-D9DC8337015B}"
EndProject
Project("{8BC9CEB8-8B4A-11D0-8D11-00A0C91BC942}") = "suma_cuadrados", "suma_cuadrados\suma_cuadrados.vcxproj", "{72868CB2-8493-4DDE-BC39-FD368AB82907}"
EndProject
Project("{8BC9CEB8-8B4A-11D0-8D11-00A0C91BC942}") = "Temperaturas", "Temperaturas\Temperaturas.vcxproj", "{DE7DB469-6B46-413A-990F-66AD52A48CE6}"
EndProject
Project("{8BC9CEB8-8B4A-11D0-8D11-00A0C91BC942}") = "Suma_intervalo", "Suma_intervalo\Suma_intervalo.vcxproj", "{DC1F9DAC-F619-4019-B62E-99DC62F5B442}"
EndProject
Project("{8BC9CEB8-8B4A-11D0-8D11-00A0C91BC942}") = "potencia", "potencia\potencia.vcxproj", "{75DBEED6-3982-43FB-B37D-77DDD190AFA0}"
EndProject
Project("{8BC9CEB8-8B4A-11D0-8D11-00A0C91BC942}") = "suma_impares", "suma_impares\suma_impares.vcxproj", "{F2897E76-F34B-49F6-8786-E845C8907BA6}"
EndProject
Project("{8BC9CEB8-8B4A-11D0-8D11-00A0C91BC942}") = "factorial", "factoriaal\factoriaal.vcxproj", "{42DFA8B5-063B-4B32-AB0B-C20D3F0CE3C3}"
EndProject
Project("{8BC9CEB8-8B4A-11D0-8D11-00A0C91BC942}") = "Suma_potencias", "Suma_potencias\Suma_potencias.vcxproj", "{279F0AEC-C09E-449D-96C1-D44500D34BB7}"
EndProject
Project("{8BC9CEB8-8B4A-11D0-8D11-00A0C91BC942}") = "suma_signos", "suma_signos\suma_signos.vcxproj", "{11B36C43-0862-48F6-8329-04DDB686DD28}"
EndProject
Project("{8BC9CEB8-8B4A-11D0-8D11-00A0C91BC942}") = "Fibonacci", "Fibonacci\Fibonacci.vcxproj", "{E708BAB9-59AB-4933-9AFB-FBCFCDE1E10E}"
EndProject
Project("{8BC9CEB8-8B4A-11D0-8D11-00A0C91BC942}") = "notas_alumnos", "notas_alumnos\notas_alumnos.vcxproj", "{5DB16B18-B61C-4811-81F7-61362AECA720}"
EndProject
Project("{8BC9CEB8-8B4A-11D0-8D11-00A0C91BC942}") = "adivina_numero", "adivina_numero\adivina_numero.vcxproj", "{490B0FEA-CC00-4C7F-AFA7-0D5CDDBA69FD}"
EndProject
Project("{8BC9CEB8-8B4A-11D0-8D11-00A0C91BC942}") = "Numeros_primos", "Numeros_primos\Numeros_primos.vcxproj", "{82118784-F662-4766-A447-48F970390269}"
EndProject
Project("{8BC9CEB8-8B4A-11D0-8D11-00A0C91BC942}") = "arreglo_1", "arreglo_1\arreglo_1.vcxproj", "{16384003-B69F-4E07-BF1C-2BC9ABA5C0F6}"
EndProject
Project("{8BC9CEB8-8B4A-11D0-8D11-00A0C91BC942}") = "suma_caracteres", "suma_caracteres\suma_caracteres.vcxproj", "{42831634-FE7A-4FE2-BA2C-4A21BFCFC3F1}"
EndProject
Project("{8BC9CEB8-8B4A-11D0-8D11-00A0C91BC942}") = "escalar_arreglo", "escalar_arreglo\escalar_arreglo.vcxproj", "{843CFBEC-C4CA-45D2-9446-A7D157F8BEED}"
EndProject
Project("{8BC9CEB8-8B4A-11D0-8D11-00A0C91BC942}") = "matrices_1", "matrices_1\matrices_1.vcxproj", "{B345C10C-5DCA-4D46-9A8D-2926CEF79C17}"
EndProject
Project("{8BC9CEB8-8B4A-11D0-8D11-00A0C91BC942}") = "copia_matriz", "copia_matriz\copia_matriz.vcxproj", "{736D8202-BAB2-4486-9FC1-B297DF6F384A}"
EndProject
Project("{8BC9CEB8-8B4A-11D0-8D11-00A0C91BC942}") = "matriz_aleatorios", "matriz_aleatorios\matriz_aleatorios.vcxproj", "{9F9C0573-DFB3-4277-8979-B305783EB50F}"
EndProject
Project("{8BC9CEB8-8B4A-11D0-8D11-00A0C91BC942}") = "traspuesta", "traspuesta\traspuesta.vcxproj", "{B06BC562-9039-4A81-BCE5-375BA5ACE80F}"
EndProject
Project("{8BC9CEB8-8B4A-11D0-8D11-00A0C91BC942}") = "matriz_simetrica", "matriz_simetrica\matriz_simetrica.vcxproj", "{F00D70DD-B889-4C68-8FB6-94178922C5C6}"
EndProject
Project("{8BC9CEB8-8B4A-11D0-8D11-00A0C91BC942}") = "producto_matrices", "producto_matrices\producto_matrices.vcxproj", "{FAB9BEB1-5043-4068-BD16-5C9333DB09FD}"
EndProject
Global
	GlobalSection(SolutionConfigurationPlatforms) = preSolution
		Debug|x64 = Debug|x64
		Debug|x86 = Debug|x86
		Release|x64 = Release|x64
		Release|x86 = Release|x86
	EndGlobalSection
	GlobalSection(ProjectConfigurationPlatforms) = postSolution
		{A4EDFA43-D3DF-4675-BFF3-26CA25ABDDC1}.Debug|x64.ActiveCfg = Debug|x64
		{A4EDFA43-D3DF-4675-BFF3-26CA25ABDDC1}.Debug|x64.Build.0 = Debug|x64
		{A4EDFA43-D3DF-4675-BFF3-26CA25ABDDC1}.Debug|x86.ActiveCfg = Debug|Win32
		{A4EDFA43-D3DF-4675-BFF3-26CA25ABDDC1}.Debug|x86.Build.0 = Debug|Win32
		{A4EDFA43-D3DF-4675-BFF3-26CA25ABDDC1}.Release|x64.ActiveCfg = Release|x64
		{A4EDFA43-D3DF-4675-BFF3-26CA25ABDDC1}.Release|x64.Build.0 = Release|x64
		{A4EDFA43-D3DF-4675-BFF3-26CA25ABDDC1}.Release|x86.ActiveCfg = Release|Win32
		{A4EDFA43-D3DF-4675-BFF3-26CA25ABDDC1}.Release|x86.Build.0 = Release|Win32
		{88C13B06-19AF-489F-91C8-0A0FE80B4F23}.Debug|x64.ActiveCfg = Debug|x64
		{88C13B06-19AF-489F-91C8-0A0FE80B4F23}.Debug|x64.Build.0 = Debug|x64
		{88C13B06-19AF-489F-91C8-0A0FE80B4F23}.Debug|x86.ActiveCfg = Debug|Win32
		{88C13B06-19AF-489F-91C8-0A0FE80B4F23}.Debug|x86.Build.0 = Debug|Win32
		{88C13B06-19AF-489F-91C8-0A0FE80B4F23}.Release|x64.ActiveCfg = Release|x64
		{88C13B06-19AF-489F-91C8-0A0FE80B4F23}.Release|x64.Build.0 = Release|x64
		{88C13B06-19AF-489F-91C8-0A0FE80B4F23}.Release|x86.ActiveCfg = Release|Win32
		{88C13B06-19AF-489F-91C8-0A0FE80B4F23}.Release|x86.Build.0 = Release|Win32
		{CCEDC40A-F5D0-4898-98CF-91B12975445F}.Debug|x64.ActiveCfg = Debug|x64
		{CCEDC40A-F5D0-4898-98CF-91B12975445F}.Debug|x64.Build.0 = Debug|x64
		{CCEDC40A-F5D0-4898-98CF-91B12975445F}.Debug|x86.ActiveCfg = Debug|Win32
		{CCEDC40A-F5D0-4898-98CF-91B12975445F}.Debug|x86.Build.0 = Debug|Win32
		{CCEDC40A-F5D0-4898-98CF-91B12975445F}.Release|x64.ActiveCfg = Release|x64
		{CCEDC40A-F5D0-4898-98CF-91B12975445F}.Release|x64.Build.0 = Release|x64
		{CCEDC40A-F5D0-4898-98CF-91B12975445F}.Release|x86.ActiveCfg = Release|Win32
		{CCEDC40A-F5D0-4898-98CF-91B12975445F}.Release|x86.Build.0 = Release|Win32
		{1DB33F1C-2255-4781-8E23-355B6ED944CC}.Debug|x64.ActiveCfg = Debug|x64
		{1DB33F1C-2255-4781-8E23-355B6ED944CC}.Debug|x64.Build.0 = Debug|x64
		{1DB33F1C-2255-4781-8E23-355B6ED944CC}.Debug|x86.ActiveCfg = Debug|Win32
		{1DB33F1C-2255-4781-8E23-355B6ED944CC}.Debug|x86.Build.0 = Debug|Win32
		{1DB33F1C-2255-4781-8E23-355B6ED944CC}.Release|x64.ActiveCfg = Release|x64
		{1DB33F1C-2255-4781-8E23-355B6ED944CC}.Release|x64.Build.0 = Release|x64
		{1DB33F1C-2255-4781-8E23-355B6ED944CC}.Release|x86.ActiveCfg = Release|Win32
		{1DB33F1C-2255-4781-8E23-355B6ED944CC}.Release|x86.Build.0 = Release|Win32
		{C172FA02-F0DB-49A0-81BE-4A6385CA8409}.Debug|x64.ActiveCfg = Debug|x64
		{C172FA02-F0DB-49A0-81BE-4A6385CA8409}.Debug|x64.Build.0 = Debug|x64
		{C172FA02-F0DB-49A0-81BE-4A6385CA8409}.Debug|x86.ActiveCfg = Debug|Win32
		{C172FA02-F0DB-49A0-81BE-4A6385CA8409}.Debug|x86.Build.0 = Debug|Win32
		{C172FA02-F0DB-49A0-81BE-4A6385CA8409}.Release|x64.ActiveCfg = Release|x64
		{C172FA02-F0DB-49A0-81BE-4A6385CA8409}.Release|x64.Build.0 = Release|x64
		{C172FA02-F0DB-49A0-81BE-4A6385CA8409}.Release|x86.ActiveCfg = Release|Win32
		{C172FA02-F0DB-49A0-81BE-4A6385CA8409}.Release|x86.Build.0 = Release|Win32
		{D5F2ADC6-3C1A-4EF9-8790-6410310C1605}.Debug|x64.ActiveCfg = Debug|x64
		{D5F2ADC6-3C1A-4EF9-8790-6410310C1605}.Debug|x64.Build.0 = Debug|x64
		{D5F2ADC6-3C1A-4EF9-8790-6410310C1605}.Debug|x86.ActiveCfg = Debug|Win32
		{D5F2ADC6-3C1A-4EF9-8790-6410310C1605}.Debug|x86.Build.0 = Debug|Win32
		{D5F2ADC6-3C1A-4EF9-8790-6410310C1605}.Release|x64.ActiveCfg = Release|x64
		{D5F2ADC6-3C1A-4EF9-8790-6410310C1605}.Release|x64.Build.0 = Release|x64
		{D5F2ADC6-3C1A-4EF9-8790-6410310C1605}.Release|x86.ActiveCfg = Release|Win32
		{D5F2ADC6-3C1A-4EF9-8790-6410310C1605}.Release|x86.Build.0 = Release|Win32
		{196CC5D7-905B-40E8-8FAF-D71E63E86F4E}.Debug|x64.ActiveCfg = Debug|x64
		{196CC5D7-905B-40E8-8FAF-D71E63E86F4E}.Debug|x64.Build.0 = Debug|x64
		{196CC5D7-905B-40E8-8FAF-D71E63E86F4E}.Debug|x86.ActiveCfg = Debug|Win32
		{196CC5D7-905B-40E8-8FAF-D71E63E86F4E}.Debug|x86.Build.0 = Debug|Win32
		{196CC5D7-905B-40E8-8FAF-D71E63E86F4E}.Release|x64.ActiveCfg = Release|x64
		{196CC5D7-905B-40E8-8FAF-D71E63E86F4E}.Release|x64.Build.0 = Release|x64
		{196CC5D7-905B-40E8-8FAF-D71E63E86F4E}.Release|x86.ActiveCfg = Release|Win32
		{196CC5D7-905B-40E8-8FAF-D71E63E86F4E}.Release|x86.Build.0 = Release|Win32
		{589C48AB-7E1C-4E23-BCAF-4211E4F58654}.Debug|x64.ActiveCfg = Debug|x64
		{589C48AB-7E1C-4E23-BCAF-4211E4F58654}.Debug|x64.Build.0 = Debug|x64
		{589C48AB-7E1C-4E23-BCAF-4211E4F58654}.Debug|x86.ActiveCfg = Debug|Win32
		{589C48AB-7E1C-4E23-BCAF-4211E4F58654}.Debug|x86.Build.0 = Debug|Win32
		{589C48AB-7E1C-4E23-BCAF-4211E4F58654}.Release|x64.ActiveCfg = Release|x64
		{589C48AB-7E1C-4E23-BCAF-4211E4F58654}.Release|x64.Build.0 = Release|x64
		{589C48AB-7E1C-4E23-BCAF-4211E4F58654}.Release|x86.ActiveCfg = Release|Win32
		{589C48AB-7E1C-4E23-BCAF-4211E4F58654}.Release|x86.Build.0 = Release|Win32
		{9BC83268-121A-4191-841F-AB861FB8D77D}.Debug|x64.ActiveCfg = Debug|x64
		{9BC83268-121A-4191-841F-AB861FB8D77D}.Debug|x64.Build.0 = Debug|x64
		{9BC83268-121A-4191-841F-AB861FB8D77D}.Debug|x86.ActiveCfg = Debug|Win32
		{9BC83268-121A-4191-841F-AB861FB8D77D}.Debug|x86.Build.0 = Debug|Win32
		{9BC83268-121A-4191-841F-AB861FB8D77D}.Release|x64.ActiveCfg = Release|x64
		{9BC83268-121A-4191-841F-AB861FB8D77D}.Release|x64.Build.0 = Release|x64
		{9BC83268-121A-4191-841F-AB861FB8D77D}.Release|x86.ActiveCfg = Release|Win32
		{9BC83268-121A-4191-841F-AB861FB8D77D}.Release|x86.Build.0 = Release|Win32
		{95B830C5-E6BF-4F23-824B-E658A4CFC306}.Debug|x64.ActiveCfg = Debug|x64
		{95B830C5-E6BF-4F23-824B-E658A4CFC306}.Debug|x64.Build.0 = Debug|x64
		{95B830C5-E6BF-4F23-824B-E658A4CFC306}.Debug|x86.ActiveCfg = Debug|Win32
		{95B830C5-E6BF-4F23-824B-E658A4CFC306}.Debug|x86.Build.0 = Debug|Win32
		{95B830C5-E6BF-4F23-824B-E658A4CFC306}.Release|x64.ActiveCfg = Release|x64
		{95B830C5-E6BF-4F23-824B-E658A4CFC306}.Release|x64.Build.0 = Release|x64
		{95B830C5-E6BF-4F23-824B-E658A4CFC306}.Release|x86.ActiveCfg = Release|Win32
		{95B830C5-E6BF-4F23-824B-E658A4CFC306}.Release|x86.Build.0 = Release|Win32
		{0ED2F036-4BFF-496D-8990-D19BEC485B47}.Debug|x64.ActiveCfg = Debug|x64
		{0ED2F036-4BFF-496D-8990-D19BEC485B47}.Debug|x64.Build.0 = Debug|x64
		{0ED2F036-4BFF-496D-8990-D19BEC485B47}.Debug|x86.ActiveCfg = Debug|Win32
		{0ED2F036-4BFF-496D-8990-D19BEC485B47}.Debug|x86.Build.0 = Debug|Win32
		{0ED2F036-4BFF-496D-8990-D19BEC485B47}.Release|x64.ActiveCfg = Release|x64
		{0ED2F036-4BFF-496D-8990-D19BEC485B47}.Release|x64.Build.0 = Release|x64
		{0ED2F036-4BFF-496D-8990-D19BEC485B47}.Release|x86.ActiveCfg = Release|Win32
		{0ED2F036-4BFF-496D-8990-D19BEC485B47}.Release|x86.Build.0 = Release|Win32
		{AA52E1DD-ED72-4C61-858F-E1B4FEBFFA08}.Debug|x64.ActiveCfg = Debug|x64
		{AA52E1DD-ED72-4C61-858F-E1B4FEBFFA08}.Debug|x64.Build.0 = Debug|x64
		{AA52E1DD-ED72-4C61-858F-E1B4FEBFFA08}.Debug|x86.ActiveCfg = Debug|Win32
		{AA52E1DD-ED72-4C61-858F-E1B4FEBFFA08}.Debug|x86.Build.0 = Debug|Win32
		{AA52E1DD-ED72-4C61-858F-E1B4FEBFFA08}.Release|x64.ActiveCfg = Release|x64
		{AA52E1DD-ED72-4C61-858F-E1B4FEBFFA08}.Release|x64.Build.0 = Release|x64
		{AA52E1DD-ED72-4C61-858F-E1B4FEBFFA08}.Release|x86.ActiveCfg = Release|Win32
		{AA52E1DD-ED72-4C61-858F-E1B4FEBFFA08}.Release|x86.Build.0 = Release|Win32
		{AC16379B-EB86-4E29-B0F3-3A3F316FAE4E}.Debug|x64.ActiveCfg = Debug|x64
		{AC16379B-EB86-4E29-B0F3-3A3F316FAE4E}.Debug|x64.Build.0 = Debug|x64
		{AC16379B-EB86-4E29-B0F3-3A3F316FAE4E}.Debug|x86.ActiveCfg = Debug|Win32
		{AC16379B-EB86-4E29-B0F3-3A3F316FAE4E}.Debug|x86.Build.0 = Debug|Win32
		{AC16379B-EB86-4E29-B0F3-3A3F316FAE4E}.Release|x64.ActiveCfg = Release|x64
		{AC16379B-EB86-4E29-B0F3-3A3F316FAE4E}.Release|x64.Build.0 = Release|x64
		{AC16379B-EB86-4E29-B0F3-3A3F316FAE4E}.Release|x86.ActiveCfg = Release|Win32
		{AC16379B-EB86-4E29-B0F3-3A3F316FAE4E}.Release|x86.Build.0 = Release|Win32
		{8930091E-584A-420C-A949-7F51C9AF1B93}.Debug|x64.ActiveCfg = Debug|x64
		{8930091E-584A-420C-A949-7F51C9AF1B93}.Debug|x64.Build.0 = Debug|x64
		{8930091E-584A-420C-A949-7F51C9AF1B93}.Debug|x86.ActiveCfg = Debug|Win32
		{8930091E-584A-420C-A949-7F51C9AF1B93}.Debug|x86.Build.0 = Debug|Win32
		{8930091E-584A-420C-A949-7F51C9AF1B93}.Release|x64.ActiveCfg = Release|x64
		{8930091E-584A-420C-A949-7F51C9AF1B93}.Release|x64.Build.0 = Release|x64
		{8930091E-584A-420C-A949-7F51C9AF1B93}.Release|x86.ActiveCfg = Release|Win32
		{8930091E-584A-420C-A949-7F51C9AF1B93}.Release|x86.Build.0 = Release|Win32
		{23BC6381-719F-4FAE-8FB2-4B044F8FB885}.Debug|x64.ActiveCfg = Debug|x64
		{23BC6381-719F-4FAE-8FB2-4B044F8FB885}.Debug|x64.Build.0 = Debug|x64
		{23BC6381-719F-4FAE-8FB2-4B044F8FB885}.Debug|x86.ActiveCfg = Debug|Win32
		{23BC6381-719F-4FAE-8FB2-4B044F8FB885}.Debug|x86.Build.0 = Debug|Win32
		{23BC6381-719F-4FAE-8FB2-4B044F8FB885}.Release|x64.ActiveCfg = Release|x64
		{23BC6381-719F-4FAE-8FB2-4B044F8FB885}.Release|x64.Build.0 = Release|x64
		{23BC6381-719F-4FAE-8FB2-4B044F8FB885}.Release|x86.ActiveCfg = Release|Win32
		{23BC6381-719F-4FAE-8FB2-4B044F8FB885}.Release|x86.Build.0 = Release|Win32
		{3BB6C858-9A0F-4F65-A3FC-6C2D1DCD087A}.Debug|x64.ActiveCfg = Debug|x64
		{3BB6C858-9A0F-4F65-A3FC-6C2D1DCD087A}.Debug|x64.Build.0 = Debug|x64
		{3BB6C858-9A0F-4F65-A3FC-6C2D1DCD087A}.Debug|x86.ActiveCfg = Debug|Win32
		{3BB6C858-9A0F-4F65-A3FC-6C2D1DCD087A}.Debug|x86.Build.0 = Debug|Win32
		{3BB6C858-9A0F-4F65-A3FC-6C2D1DCD087A}.Release|x64.ActiveCfg = Release|x64
		{3BB6C858-9A0F-4F65-A3FC-6C2D1DCD087A}.Release|x64.Build.0 = Release|x64
		{3BB6C858-9A0F-4F65-A3FC-6C2D1DCD087A}.Release|x86.ActiveCfg = Release|Win32
		{3BB6C858-9A0F-4F65-A3FC-6C2D1DCD087A}.Release|x86.Build.0 = Release|Win32
		{3433E3D9-A082-42CB-AC27-20DC3E1200DF}.Debug|x64.ActiveCfg = Debug|x64
		{3433E3D9-A082-42CB-AC27-20DC3E1200DF}.Debug|x64.Build.0 = Debug|x64
		{3433E3D9-A082-42CB-AC27-20DC3E1200DF}.Debug|x86.ActiveCfg = Debug|Win32
		{3433E3D9-A082-42CB-AC27-20DC3E1200DF}.Debug|x86.Build.0 = Debug|Win32
		{3433E3D9-A082-42CB-AC27-20DC3E1200DF}.Release|x64.ActiveCfg = Release|x64
		{3433E3D9-A082-42CB-AC27-20DC3E1200DF}.Release|x64.Build.0 = Release|x64
		{3433E3D9-A082-42CB-AC27-20DC3E1200DF}.Release|x86.ActiveCfg = Release|Win32
		{3433E3D9-A082-42CB-AC27-20DC3E1200DF}.Release|x86.Build.0 = Release|Win32
		{74E89D84-6766-45F8-B5BC-D9DC8337015B}.Debug|x64.ActiveCfg = Debug|x64
		{74E89D84-6766-45F8-B5BC-D9DC8337015B}.Debug|x64.Build.0 = Debug|x64
		{74E89D84-6766-45F8-B5BC-D9DC8337015B}.Debug|x86.ActiveCfg = Debug|Win32
		{74E89D84-6766-45F8-B5BC-D9DC8337015B}.Debug|x86.Build.0 = Debug|Win32
		{74E89D84-6766-45F8-B5BC-D9DC8337015B}.Release|x64.ActiveCfg = Release|x64
		{74E89D84-6766-45F8-B5BC-D9DC8337015B}.Release|x64.Build.0 = Release|x64
		{74E89D84-6766-45F8-B5BC-D9DC8337015B}.Release|x86.ActiveCfg = Release|Win32
		{74E89D84-6766-45F8-B5BC-D9DC8337015B}.Release|x86.Build.0 = Release|Win32
		{72868CB2-8493-4DDE-BC39-FD368AB82907}.Debug|x64.ActiveCfg = Debug|x64
		{72868CB2-8493-4DDE-BC39-FD368AB82907}.Debug|x64.Build.0 = Debug|x64
		{72868CB2-8493-4DDE-BC39-FD368AB82907}.Debug|x86.ActiveCfg = Debug|Win32
		{72868CB2-8493-4DDE-BC39-FD368AB82907}.Debug|x86.Build.0 = Debug|Win32
		{72868CB2-8493-4DDE-BC39-FD368AB82907}.Release|x64.ActiveCfg = Release|x64
		{72868CB2-8493-4DDE-BC39-FD368AB82907}.Release|x64.Build.0 = Release|x64
		{72868CB2-8493-4DDE-BC39-FD368AB82907}.Release|x86.ActiveCfg = Release|Win32
		{72868CB2-8493-4DDE-BC39-FD368AB82907}.Release|x86.Build.0 = Release|Win32
		{DE7DB469-6B46-413A-990F-66AD52A48CE6}.Debug|x64.ActiveCfg = Debug|x64
		{DE7DB469-6B46-413A-990F-66AD52A48CE6}.Debug|x64.Build.0 = Debug|x64
		{DE7DB469-6B46-413A-990F-66AD52A48CE6}.Debug|x86.ActiveCfg = Debug|Win32
		{DE7DB469-6B46-413A-990F-66AD52A48CE6}.Debug|x86.Build.0 = Debug|Win32
		{DE7DB469-6B46-413A-990F-66AD52A48CE6}.Release|x64.ActiveCfg = Release|x64
		{DE7DB469-6B46-413A-990F-66AD52A48CE6}.Release|x64.Build.0 = Release|x64
		{DE7DB469-6B46-413A-990F-66AD52A48CE6}.Release|x86.ActiveCfg = Release|Win32
		{DE7DB469-6B46-413A-990F-66AD52A48CE6}.Release|x86.Build.0 = Release|Win32
		{DC1F9DAC-F619-4019-B62E-99DC62F5B442}.Debug|x64.ActiveCfg = Debug|x64
		{DC1F9DAC-F619-4019-B62E-99DC62F5B442}.Debug|x64.Build.0 = Debug|x64
		{DC1F9DAC-F619-4019-B62E-99DC62F5B442}.Debug|x86.ActiveCfg = Debug|Win32
		{DC1F9DAC-F619-4019-B62E-99DC62F5B442}.Debug|x86.Build.0 = Debug|Win32
		{DC1F9DAC-F619-4019-B62E-99DC62F5B442}.Release|x64.ActiveCfg = Release|x64
		{DC1F9DAC-F619-4019-B62E-99DC62F5B442}.Release|x64.Build.0 = Release|x64
		{DC1F9DAC-F619-4019-B62E-99DC62F5B442}.Release|x86.ActiveCfg = Release|Win32
		{DC1F9DAC-F619-4019-B62E-99DC62F5B442}.Release|x86.Build.0 = Release|Win32
		{75DBEED6-3982-43FB-B37D-77DDD190AFA0}.Debug|x64.ActiveCfg = Debug|x64
		{75DBEED6-3982-43FB-B37D-77DDD190AFA0}.Debug|x64.Build.0 = Debug|x64
		{75DBEED6-3982-43FB-B37D-77DDD190AFA0}.Debug|x86.ActiveCfg = Debug|Win32
		{75DBEED6-3982-43FB-B37D-77DDD190AFA0}.Debug|x86.Build.0 = Debug|Win32
		{75DBEED6-3982-43FB-B37D-77DDD190AFA0}.Release|x64.ActiveCfg = Release|x64
		{75DBEED6-3982-43FB-B37D-77DDD190AFA0}.Release|x64.Build.0 = Release|x64
		{75DBEED6-3982-43FB-B37D-77DDD190AFA0}.Release|x86.ActiveCfg = Release|Win32
		{75DBEED6-3982-43FB-B37D-77DDD190AFA0}.Release|x86.Build.0 = Release|Win32
		{F2897E76-F34B-49F6-8786-E845C8907BA6}.Debug|x64.ActiveCfg = Debug|x64
		{F2897E76-F34B-49F6-8786-E845C8907BA6}.Debug|x64.Build.0 = Debug|x64
		{F2897E76-F34B-49F6-8786-E845C8907BA6}.Debug|x86.ActiveCfg = Debug|Win32
		{F2897E76-F34B-49F6-8786-E845C8907BA6}.Debug|x86.Build.0 = Debug|Win32
		{F2897E76-F34B-49F6-8786-E845C8907BA6}.Release|x64.ActiveCfg = Release|x64
		{F2897E76-F34B-49F6-8786-E845C8907BA6}.Release|x64.Build.0 = Release|x64
		{F2897E76-F34B-49F6-8786-E845C8907BA6}.Release|x86.ActiveCfg = Release|Win32
		{F2897E76-F34B-49F6-8786-E845C8907BA6}.Release|x86.Build.0 = Release|Win32
		{42DFA8B5-063B-4B32-AB0B-C20D3F0CE3C3}.Debug|x64.ActiveCfg = Debug|x64
		{42DFA8B5-063B-4B32-AB0B-C20D3F0CE3C3}.Debug|x64.Build.0 = Debug|x64
		{42DFA8B5-063B-4B32-AB0B-C20D3F0CE3C3}.Debug|x86.ActiveCfg = Debug|Win32
		{42DFA8B5-063B-4B32-AB0B-C20D3F0CE3C3}.Debug|x86.Build.0 = Debug|Win32
		{42DFA8B5-063B-4B32-AB0B-C20D3F0CE3C3}.Release|x64.ActiveCfg = Release|x64
		{42DFA8B5-063B-4B32-AB0B-C20D3F0CE3C3}.Release|x64.Build.0 = Release|x64
		{42DFA8B5-063B-4B32-AB0B-C20D3F0CE3C3}.Release|x86.ActiveCfg = Release|Win32
		{42DFA8B5-063B-4B32-AB0B-C20D3F0CE3C3}.Release|x86.Build.0 = Release|Win32
		{279F0AEC-C09E-449D-96C1-D44500D34BB7}.Debug|x64.ActiveCfg = Debug|x64
		{279F0AEC-C09E-449D-96C1-D44500D34BB7}.Debug|x64.Build.0 = Debug|x64
		{279F0AEC-C09E-449D-96C1-D44500D34BB7}.Debug|x86.ActiveCfg = Debug|Win32
		{279F0AEC-C09E-449D-96C1-D44500D34BB7}.Debug|x86.Build.0 = Debug|Win32
		{279F0AEC-C09E-449D-96C1-D44500D34BB7}.Release|x64.ActiveCfg = Release|x64
		{279F0AEC-C09E-449D-96C1-D44500D34BB7}.Release|x64.Build.0 = Release|x64
		{279F0AEC-C09E-449D-96C1-D44500D34BB7}.Release|x86.ActiveCfg = Release|Win32
		{279F0AEC-C09E-449D-96C1-D44500D34BB7}.Release|x86.Build.0 = Release|Win32
		{11B36C43-0862-48F6-8329-04DDB686DD28}.Debug|x64.ActiveCfg = Debug|x64
		{11B36C43-0862-48F6-8329-04DDB686DD28}.Debug|x64.Build.0 = Debug|x64
		{11B36C43-0862-48F6-8329-04DDB686DD28}.Debug|x86.ActiveCfg = Debug|Win32
		{11B36C43-0862-48F6-8329-04DDB686DD28}.Debug|x86.Build.0 = Debug|Win32
		{11B36C43-0862-48F6-8329-04DDB686DD28}.Release|x64.ActiveCfg = Release|x64
		{11B36C43-0862-48F6-8329-04DDB686DD28}.Release|x64.Build.0 = Release|x64
		{11B36C43-0862-48F6-8329-04DDB686DD28}.Release|x86.ActiveCfg = Release|Win32
		{11B36C43-0862-48F6-8329-04DDB686DD28}.Release|x86.Build.0 = Release|Win32
		{E708BAB9-59AB-4933-9AFB-FBCFCDE1E10E}.Debug|x64.ActiveCfg = Debug|x64
		{E708BAB9-59AB-4933-9AFB-FBCFCDE1E10E}.Debug|x64.Build.0 = Debug|x64
		{E708BAB9-59AB-4933-9AFB-FBCFCDE1E10E}.Debug|x86.ActiveCfg = Debug|Win32
		{E708BAB9-59AB-4933-9AFB-FBCFCDE1E10E}.Debug|x86.Build.0 = Debug|Win32
		{E708BAB9-59AB-4933-9AFB-FBCFCDE1E10E}.Release|x64.ActiveCfg = Release|x64
		{E708BAB9-59AB-4933-9AFB-FBCFCDE1E10E}.Release|x64.Build.0 = Release|x64
		{E708BAB9-59AB-4933-9AFB-FBCFCDE1E10E}.Release|x86.ActiveCfg = Release|Win32
		{E708BAB9-59AB-4933-9AFB-FBCFCDE1E10E}.Release|x86.Build.0 = Release|Win32
		{5DB16B18-B61C-4811-81F7-61362AECA720}.Debug|x64.ActiveCfg = Debug|x64
		{5DB16B18-B61C-4811-81F7-61362AECA720}.Debug|x64.Build.0 = Debug|x64
		{5DB16B18-B61C-4811-81F7-61362AECA720}.Debug|x86.ActiveCfg = Debug|Win32
		{5DB16B18-B61C-4811-81F7-61362AECA720}.Debug|x86.Build.0 = Debug|Win32
		{5DB16B18-B61C-4811-81F7-61362AECA720}.Release|x64.ActiveCfg = Release|x64
		{5DB16B18-B61C-4811-81F7-61362AECA720}.Release|x64.Build.0 = Release|x64
		{5DB16B18-B61C-4811-81F7-61362AECA720}.Release|x86.ActiveCfg = Release|Win32
		{5DB16B18-B61C-4811-81F7-61362AECA720}.Release|x86.Build.0 = Release|Win32
		{490B0FEA-CC00-4C7F-AFA7-0D5CDDBA69FD}.Debug|x64.ActiveCfg = Debug|x64
		{490B0FEA-CC00-4C7F-AFA7-0D5CDDBA69FD}.Debug|x64.Build.0 = Debug|x64
		{490B0FEA-CC00-4C7F-AFA7-0D5CDDBA69FD}.Debug|x86.ActiveCfg = Debug|Win32
		{490B0FEA-CC00-4C7F-AFA7-0D5CDDBA69FD}.Debug|x86.Build.0 = Debug|Win32
		{490B0FEA-CC00-4C7F-AFA7-0D5CDDBA69FD}.Release|x64.ActiveCfg = Release|x64
		{490B0FEA-CC00-4C7F-AFA7-0D5CDDBA69FD}.Release|x64.Build.0 = Release|x64
		{490B0FEA-CC00-4C7F-AFA7-0D5CDDBA69FD}.Release|x86.ActiveCfg = Release|Win32
		{490B0FEA-CC00-4C7F-AFA7-0D5CDDBA69FD}.Release|x86.Build.0 = Release|Win32
		{82118784-F662-4766-A447-48F970390269}.Debug|x64.ActiveCfg = Debug|x64
		{82118784-F662-4766-A447-48F970390269}.Debug|x64.Build.0 = Debug|x64
		{82118784-F662-4766-A447-48F970390269}.Debug|x86.ActiveCfg = Debug|Win32
		{82118784-F662-4766-A447-48F970390269}.Debug|x86.Build.0 = Debug|Win32
		{82118784-F662-4766-A447-48F970390269}.Release|x64.ActiveCfg = Release|x64
		{82118784-F662-4766-A447-48F970390269}.Release|x64.Build.0 = Release|x64
		{82118784-F662-4766-A447-48F970390269}.Release|x86.ActiveCfg = Release|Win32
		{82118784-F662-4766-A447-48F970390269}.Release|x86.Build.0 = Release|Win32
		{16384003-B69F-4E07-BF1C-2BC9ABA5C0F6}.Debug|x64.ActiveCfg = Debug|x64
		{16384003-B69F-4E07-BF1C-2BC9ABA5C0F6}.Debug|x64.Build.0 = Debug|x64
		{16384003-B69F-4E07-BF1C-2BC9ABA5C0F6}.Debug|x86.ActiveCfg = Debug|Win32
		{16384003-B69F-4E07-BF1C-2BC9ABA5C0F6}.Debug|x86.Build.0 = Debug|Win32
		{16384003-B69F-4E07-BF1C-2BC9ABA5C0F6}.Release|x64.ActiveCfg = Release|x64
		{16384003-B69F-4E07-BF1C-2BC9ABA5C0F6}.Release|x64.Build.0 = Release|x64
		{16384003-B69F-4E07-BF1C-2BC9ABA5C0F6}.Release|x86.ActiveCfg = Release|Win32
		{16384003-B69F-4E07-BF1C-2BC9ABA5C0F6}.Release|x86.Build.0 = Release|Win32
		{42831634-FE7A-4FE2-BA2C-4A21BFCFC3F1}.Debug|x64.ActiveCfg = Debug|x64
		{42831634-FE7A-4FE2-BA2C-4A21BFCFC3F1}.Debug|x64.Build.0 = Debug|x64
		{42831634-FE7A-4FE2-BA2C-4A21BFCFC3F1}.Debug|x86.ActiveCfg = Debug|Win32
		{42831634-FE7A-4FE2-BA2C-4A21BFCFC3F1}.Debug|x86.Build.0 = Debug|Win32
		{42831634-FE7A-4FE2-BA2C-4A21BFCFC3F1}.Release|x64.ActiveCfg = Release|x64
		{42831634-FE7A-4FE2-BA2C-4A21BFCFC3F1}.Release|x64.Build.0 = Release|x64
		{42831634-FE7A-4FE2-BA2C-4A21BFCFC3F1}.Release|x86.ActiveCfg = Release|Win32
		{42831634-FE7A-4FE2-BA2C-4A21BFCFC3F1}.Release|x86.Build.0 = Release|Win32
		{843CFBEC-C4CA-45D2-9446-A7D157F8BEED}.Debug|x64.ActiveCfg = Debug|x64
		{843CFBEC-C4CA-45D2-9446-A7D157F8BEED}.Debug|x64.Build.0 = Debug|x64
		{843CFBEC-C4CA-45D2-9446-A7D157F8BEED}.Debug|x86.ActiveCfg = Debug|Win32
		{843CFBEC-C4CA-45D2-9446-A7D157F8BEED}.Debug|x86.Build.0 = Debug|Win32
		{843CFBEC-C4CA-45D2-9446-A7D157F8BEED}.Release|x64.ActiveCfg = Release|x64
		{843CFBEC-C4CA-45D2-9446-A7D157F8BEED}.Release|x64.Build.0 = Release|x64
		{843CFBEC-C4CA-45D2-9446-A7D157F8BEED}.Release|x86.ActiveCfg = Release|Win32
		{843CFBEC-C4CA-45D2-9446-A7D157F8BEED}.Release|x86.Build.0 = Release|Win32
		{B345C10C-5DCA-4D46-9A8D-2926CEF79C17}.Debug|x64.ActiveCfg = Debug|x64
		{B345C10C-5DCA-4D46-9A8D-2926CEF79C17}.Debug|x64.Build.0 = Debug|x64
		{B345C10C-5DCA-4D46-9A8D-2926CEF79C17}.Debug|x86.ActiveCfg = Debug|Win32
		{B345C10C-5DCA-4D46-9A8D-2926CEF79C17}.Debug|x86.Build.0 = Debug|Win32
		{B345C10C-5DCA-4D46-9A8D-2926CEF79C17}.Release|x64.ActiveCfg = Release|x64
		{B345C10C-5DCA-4D46-9A8D-2926CEF79C17}.Release|x64.Build.0 = Release|x64
		{B345C10C-5DCA-4D46-9A8D-2926CEF79C17}.Release|x86.ActiveCfg = Release|Win32
		{B345C10C-5DCA-4D46-9A8D-2926CEF79C17}.Release|x86.Build.0 = Release|Win32
		{736D8202-BAB2-4486-9FC1-B297DF6F384A}.Debug|x64.ActiveCfg = Debug|x64
		{736D8202-BAB2-4486-9FC1-B297DF6F384A}.Debug|x64.Build.0 = Debug|x64
		{736D8202-BAB2-4486-9FC1-B297DF6F384A}.Debug|x86.ActiveCfg = Debug|Win32
		{736D8202-BAB2-4486-9FC1-B297DF6F384A}.Debug|x86.Build.0 = Debug|Win32
		{736D8202-BAB2-4486-9FC1-B297DF6F384A}.Release|x64.ActiveCfg = Release|x64
		{736D8202-BAB2-4486-9FC1-B297DF6F384A}.Release|x64.Build.0 = Release|x64
		{736D8202-BAB2-4486-9FC1-B297DF6F384A}.Release|x86.ActiveCfg = Release|Win32
		{736D8202-BAB2-4486-9FC1-B297DF6F384A}.Release|x86.Build.0 = Release|Win32
		{9F9C0573-DFB3-4277-8979-B305783EB50F}.Debug|x64.ActiveCfg = Debug|x64
		{9F9C0573-DFB3-4277-8979-B305783EB50F}.Debug|x64.Build.0 = Debug|x64
		{9F9C0573-DFB3-4277-8979-B305783EB50F}.Debug|x86.ActiveCfg = Debug|Win32
		{9F9C0573-DFB3-4277-8979-B305783EB50F}.Debug|x86.Build.0 = Debug|Win32
		{9F9C0573-DFB3-4277-8979-B305783EB50F}.Release|x64.ActiveCfg = Release|x64
		{9F9C0573-DFB3-4277-8979-B305783EB50F}.Release|x64.Build.0 = Release|x64
		{9F9C0573-DFB3-4277-8979-B305783EB50F}.Release|x86.ActiveCfg = Release|Win32
		{9F9C0573-DFB3-4277-8979-B305783EB50F}.Release|x86.Build.0 = Release|Win32
		{B06BC562-9039-4A81-BCE5-375BA5ACE80F}.Debug|x64.ActiveCfg = Debug|x64
		{B06BC562-9039-4A81-BCE5-375BA5ACE80F}.Debug|x64.Build.0 = Debug|x64
		{B06BC562-9039-4A81-BCE5-375BA5ACE80F}.Debug|x86.ActiveCfg = Debug|Win32
		{B06BC562-9039-4A81-BCE5-375BA5ACE80F}.Debug|x86.Build.0 = Debug|Win32
		{B06BC562-9039-4A81-BCE5-375BA5ACE80F}.Release|x64.ActiveCfg = Release|x64
		{B06BC562-9039-4A81-BCE5-375BA5ACE80F}.Release|x64.Build.0 = Release|x64
		{B06BC562-9039-4A81-BCE5-375BA5ACE80F}.Release|x86.ActiveCfg = Release|Win32
		{B06BC562-9039-4A81-BCE5-375BA5ACE80F}.Release|x86.Build.0 = Release|Win32
		{F00D70DD-B889-4C68-8FB6-94178922C5C6}.Debug|x64.ActiveCfg = Debug|x64
		{F00D70DD-B889-4C68-8FB6-94178922C5C6}.Debug|x64.Build.0 = Debug|x64
		{F00D70DD-B889-4C68-8FB6-94178922C5C6}.Debug|x86.ActiveCfg = Debug|Win32
		{F00D70DD-B889-4C68-8FB6-94178922C5C6}.Debug|x86.Build.0 = Debug|Win32
		{F00D70DD-B889-4C68-8FB6-94178922C5C6}.Release|x64.ActiveCfg = Release|x64
		{F00D70DD-B889-4C68-8FB6-94178922C5C6}.Release|x64.Build.0 = Release|x64
		{F00D70DD-B889-4C68-8FB6-94178922C5C6}.Release|x86.ActiveCfg = Release|Win32
		{F00D70DD-B889-4C68-8FB6-94178922C5C6}.Release|x86.Build.0 = Release|Win32
		{FAB9BEB1-5043-4068-BD16-5C9333DB09FD}.Debug|x64.ActiveCfg = Debug|x64
		{FAB9BEB1-5043-4068-BD16-5C9333DB09FD}.Debug|x64.Build.0 = Debug|x64
		{FAB9BEB1-5043-4068-BD16-5C9333DB09FD}.Debug|x86.ActiveCfg = Debug|Win32
		{FAB9BEB1-5043-4068-BD16-5C9333DB09FD}.Debug|x86.Build.0 = Debug|Win32
		{FAB9BEB1-5043-4068-BD16-5C9333DB09FD}.Release|x64.ActiveCfg = Release|x64
		{FAB9BEB1-5043-4068-BD16-5C9333DB09FD}.Release|x64.Build.0 = Release|x64
		{FAB9BEB1-5043-4068-BD16-5C9333DB09FD}.Release|x86.ActiveCfg = Release|Win32
		{FAB9BEB1-5043-4068-BD16-5C9333DB09FD}.Release|x86.Build.0 = Release|Win32
	EndGlobalSection
	GlobalSection(SolutionProperties) = preSolution
		HideSolutionNode = FALSE
	EndGlobalSection
	GlobalSection(ExtensibilityGlobals) = postSolution
		SolutionGuid = {C95F1E19-2DD0-4AFF-B938-16EDB8B87DF9}
	EndGlobalSection
EndGlobal
